// !$*UTF8*$!
{
	archiveVersion = 1;
	classes = {
	};
	objectVersion = 56;
	objects = {

/* Begin PBXBuildFile section */
		2839D1C02EAD3BC200A336FC /* main.swift in Sources */ = {isa = PBXBuildFile; fileRef = 2839D1BF2EAD3BC200A336FC /* main.swift */; };
		2839D1C22EAD3BE300A336FC /* OSAScriptingDefinition.sdef in Resources */ = {isa = PBXBuildFile; fileRef = 2839D1C12EAD3BE300A336FC /* OSAScriptingDefinition.sdef */; };
		A1000001275B4A8700000001 /* MoplugSendMotionPlugin.swift in Sources */ = {isa = PBXBuildFile; fileRef = A1000000275B4A8700000001 /* MoplugSendMotionPlugin.swift */; };
		A1000003275B4A8700000002 /* FCPXMLParser.swift in Sources */ = {isa = PBXBuildFile; fileRef = A1000002275B4A8700000002 /* FCPXMLParser.swift */; };
		A1000005275B4A8700000003 /* MotionProjectGenerator.swift in Sources */ = {isa = PBXBuildFile; fileRef = A1000004275B4A8700000003 /* MotionProjectGenerator.swift */; };
		A1000007275B4A8700000004 /* TransformConverter.swift in Sources */ = {isa = PBXBuildFile; fileRef = A1000006275B4A8700000004 /* TransformConverter.swift */; };
		A1000009275B4A8700000005 /* MotionXMLGenerator.swift in Sources */ = {isa = PBXBuildFile; fileRef = A1000008275B4A8700000005 /* MotionXMLGenerator.swift */; };
/* End PBXBuildFile section */

/* Begin PBXFileReference section */
		2839D1BF2EAD3BC200A336FC /* main.swift */ = {isa = PBXFileReference; lastKnownFileType = sourcecode.swift; name = main.swift; path = Source/Core/main.swift; sourceTree = "<group>"; };
		2839D1C12EAD3BE300A336FC /* OSAScriptingDefinition.sdef */ = {isa = PBXFileReference; lastKnownFileType = text.xml; name = OSAScriptingDefinition.sdef; path = Source/Resources/OSAScriptingDefinition.sdef; sourceTree = "<group>"; };
		A1000000275B4A8700000001 /* MoplugSendMotionPlugin.swift */ = {isa = PBXFileReference; lastKnownFileType = sourcecode.swift; path = MoplugSendMotionPlugin.swift; sourceTree = "<group>"; };
		A1000002275B4A8700000002 /* FCPXMLParser.swift */ = {isa = PBXFileReference; lastKnownFileType = sourcecode.swift; path = FCPXMLParser.swift; sourceTree = "<group>"; };
		A1000004275B4A8700000003 /* MotionProjectGenerator.swift */ = {isa = PBXFileReference; lastKnownFileType = sourcecode.swift; path = MotionProjectGenerator.swift; sourceTree = "<group>"; };
		A1000006275B4A8700000004 /* TransformConverter.swift */ = {isa = PBXFileReference; lastKnownFileType = sourcecode.swift; path = TransformConverter.swift; sourceTree = "<group>"; };
		A1000008275B4A8700000005 /* MotionXMLGenerator.swift */ = {isa = PBXFileReference; lastKnownFileType = sourcecode.swift; path = MotionXMLGenerator.swift; sourceTree = "<group>"; };
		A1111111275B4A8700000000 /* Moplug-Send-Motion.app */ = {isa = PBXFileReference; explicitFileType = wrapper.cfbundle; includeInIndex = 0; path = "Moplug-Send-Motion.app"; sourceTree = BUILT_PRODUCTS_DIR; };
/* End PBXFileReference section */

/* Begin PBXFrameworksBuildPhase section */
		A1111110275B4A8700000000 /* Frameworks */ = {
			isa = PBXFrameworksBuildPhase;
			buildActionMask = 2147483647;
			files = (
			);
			runOnlyForDeploymentPostprocessing = 0;
		};
/* End PBXFrameworksBuildPhase section */

/* Begin PBXGroup section */
		A1111100275B4A8700000000 = {
			isa = PBXGroup;
			children = (
				2839D1C12EAD3BE300A336FC /* OSAScriptingDefinition.sdef */,
				2839D1BF2EAD3BC200A336FC /* main.swift */,
				A1111101275B4A8700000000 /* Source */,
				A1111102275B4A8700000000 /* Products */,
			);
			sourceTree = "<group>";
		};
		A1111101275B4A8700000000 /* Source */ = {
			isa = PBXGroup;
			children = (
				A1111103275B4A8700000000 /* Core */,
				A1111104275B4A8700000000 /* Parser */,
				A1111105275B4A8700000000 /* Generator */,
			);
			path = Source;
			sourceTree = "<group>";
		};
		A1111102275B4A8700000000 /* Products */ = {
			isa = PBXGroup;
			children = (
				A1111111275B4A8700000000 /* Moplug-Send-Motion.app */,
			);
			name = Products;
			sourceTree = "<group>";
		};
		A1111103275B4A8700000000 /* Core */ = {
			isa = PBXGroup;
			children = (
				A1000000275B4A8700000001 /* MoplugSendMotionPlugin.swift */,
			);
			path = Core;
			sourceTree = "<group>";
		};
		A1111104275B4A8700000000 /* Parser */ = {
			isa = PBXGroup;
			children = (
				A1000002275B4A8700000002 /* FCPXMLParser.swift */,
			);
			path = Parser;
			sourceTree = "<group>";
		};
		A1111105275B4A8700000000 /* Generator */ = {
			isa = PBXGroup;
			children = (
				A1000004275B4A8700000003 /* MotionProjectGenerator.swift */,
				A1000006275B4A8700000004 /* TransformConverter.swift */,
				A1000008275B4A8700000005 /* MotionXMLGenerator.swift */,
			);
			path = Generator;
			sourceTree = "<group>";
		};
/* End PBXGroup section */

/* Begin PBXNativeTarget section */
		A1111111275B4A8700000001 /* Moplug-Send-Motion */ = {
			isa = PBXNativeTarget;
			buildConfigurationList = A1111118275B4A8700000001 /* Build configuration list for PBXNativeTarget "Moplug-Send-Motion" */;
			buildPhases = (
				A1111112275B4A8700000000 /* Sources */,
				A1111110275B4A8700000000 /* Frameworks */,
				A1111113275B4A8700000000 /* Resources */,
			);
			buildRules = (
			);
			dependencies = (
			);
			name = "Moplug-Send-Motion";
			productName = "Moplug-Send-Motion";
			productReference = A1111111275B4A8700000000 /* Moplug-Send-Motion.app */;
			productType = "com.apple.product-type.bundle";
		};
/* End PBXNativeTarget section */

/* Begin PBXProject section */
		A1111117275B4A8700000000 /* Project object */ = {
			isa = PBXProject;
			attributes = {
				BuildIndependentTargetsInParallel = 1;
				LastSwiftUpdateCheck = 1500;
				LastUpgradeCheck = 1500;
				TargetAttributes = {
					A1111111275B4A8700000001 = {
						CreatedOnToolsVersion = 15.0;
						LastSwiftMigration = 1500;
					};
				};
			};
			buildConfigurationList = A1111119275B4A8700000001 /* Build configuration list for PBXProject "Moplug-Send-Motion" */;
			compatibilityVersion = "Xcode 14.0";
			developmentRegion = en;
			hasScannedForEncodings = 0;
			knownRegions = (
				en,
			);
			mainGroup = A1111100275B4A8700000000;
			productRefGroup = A1111102275B4A8700000000 /* Products */;
			projectDirPath = "";
			projectRoot = "";
			targets = (
				A1111111275B4A8700000001 /* Moplug-Send-Motion */,
			);
		};
/* End PBXProject section */

/* Begin PBXResourcesBuildPhase section */
		A1111113275B4A8700000000 /* Resources */ = {
			isa = PBXResourcesBuildPhase;
			buildActionMask = 2147483647;
			files = (
				2839D1C22EAD3BE300A336FC /* OSAScriptingDefinition.sdef in Resources */,
			);
			runOnlyForDeploymentPostprocessing = 0;
		};
/* End PBXResourcesBuildPhase section */

/* Begin PBXSourcesBuildPhase section */
		A1111112275B4A8700000000 /* Sources */ = {
			isa = PBXSourcesBuildPhase;
			buildActionMask = 2147483647;
			files = (
				2839D1C02EAD3BC200A336FC /* main.swift in Sources */,
				A1000001275B4A8700000001 /* MoplugSendMotionPlugin.swift in Sources */,
				A1000003275B4A8700000002 /* FCPXMLParser.swift in Sources */,
				A1000005275B4A8700000003 /* MotionProjectGenerator.swift in Sources */,
				A1000007275B4A8700000004 /* TransformConverter.swift in Sources */,
				A1000009275B4A8700000005 /* MotionXMLGenerator.swift in Sources */,
			);
			runOnlyForDeploymentPostprocessing = 0;
		};
/* End PBXSourcesBuildPhase section */

/* Begin XCBuildConfiguration section */
		A1111114275B4A8700000001 /* Debug */ = {
			isa = XCBuildConfiguration;
			buildSettings = {
				ALWAYS_SEARCH_USER_PATHS = NO;
				ASSETCATALOG_COMPILER_GENERATE_SWIFT_ASSET_SYMBOL_EXTENSIONS = YES;
				CLANG_ANALYZER_NONNULL = YES;
				CLANG_ANALYZER_NUMBER_OBJECT_CONVERSION = YES_AGGRESSIVE;
				CLANG_CXX_LANGUAGE_STANDARD = "gnu++20";
				CLANG_ENABLE_MODULES = YES;
				CLANG_ENABLE_OBJC_ARC = YES;
				CLANG_ENABLE_OBJC_WEAK = YES;
				CLANG_WARN_BLOCK_CAPTURE_AUTORELEASING = YES;
				CLANG_WARN_BOOL_CONVERSION = YES;
				CLANG_WARN_COMMA = YES;
				CLANG_WARN_CONSTANT_CONVERSION = YES;
				CLANG_WARN_DEPRECATED_OBJC_IMPLEMENTATIONS = YES;
				CLANG_WARN_DIRECT_OBJC_ISA_USAGE = YES_ERROR;
				CLANG_WARN_DOCUMENTATION_COMMENTS = YES;
				CLANG_WARN_EMPTY_BODY = YES;
				CLANG_WARN_ENUM_CONVERSION = YES;
				CLANG_WARN_INFINITE_RECURSION = YES;
				CLANG_WARN_INT_CONVERSION = YES;
				CLANG_WARN_NON_LITERAL_NULL_CONVERSION = YES;
				CLANG_WARN_OBJC_IMPLICIT_RETAIN_SELF = YES;
				CLANG_WARN_OBJC_LITERAL_CONVERSION = YES;
				CLANG_WARN_OBJC_ROOT_CLASS = YES_ERROR;
				CLANG_WARN_QUOTED_INCLUDE_IN_FRAMEWORK_HEADER = YES;
				CLANG_WARN_RANGE_LOOP_ANALYSIS = YES;
				CLANG_WARN_STRICT_PROTOTYPES = YES;
				CLANG_WARN_SUSPICIOUS_MOVE = YES;
				CLANG_WARN_UNGUARDED_AVAILABILITY = YES_AGGRESSIVE;
				CLANG_WARN_UNREACHABLE_CODE = YES;
				CLANG_WARN__DUPLICATE_METHOD_MATCH = YES;
				COPY_PHASE_STRIP = NO;
				DEBUG_INFORMATION_FORMAT = dwarf;
				ENABLE_STRICT_OBJC_MSGSEND = YES;
				ENABLE_TESTABILITY = YES;
				ENABLE_USER_SCRIPT_SANDBOXING = YES;
				GCC_C_LANGUAGE_STANDARD = gnu17;
				GCC_DYNAMIC_NO_PIC = NO;
				GCC_NO_COMMON_BLOCKS = YES;
				GCC_OPTIMIZATION_LEVEL = 0;
				GCC_PREPROCESSOR_DEFINITIONS = (
					"DEBUG=1",
					"$(inherited)",
				);
				GCC_WARN_64_TO_32_BIT_CONVERSION = YES;
				GCC_WARN_ABOUT_RETURN_TYPE = YES_ERROR;
				GCC_WARN_UNDECLARED_SELECTOR = YES;
				GCC_WARN_UNINITIALIZED_AUTOS = YES_AGGRESSIVE;
				GCC_WARN_UNUSED_FUNCTION = YES;
				GCC_WARN_UNUSED_VARIABLE = YES;
				LOCALIZATION_PREFERS_STRING_CATALOGS = YES;
				MACOSX_DEPLOYMENT_TARGET = 12.0;
				MTL_ENABLE_DEBUG_INFO = INCLUDE_SOURCE;
				MTL_FAST_MATH = YES;
				ONLY_ACTIVE_ARCH = NO;
				SDKROOT = macosx;
				SWIFT_ACTIVE_COMPILATION_CONDITIONS = "DEBUG $(inherited)";
				SWIFT_OPTIMIZATION_LEVEL = "-Onone";
			};
			name = Debug;
		};
		A1111115275B4A8700000001 /* Release */ = {
			isa = XCBuildConfiguration;
			buildSettings = {
				ALWAYS_SEARCH_USER_PATHS = NO;
				ASSETCATALOG_COMPILER_GENERATE_SWIFT_ASSET_SYMBOL_EXTENSIONS = YES;
				CLANG_ANALYZER_NONNULL = YES;
				CLANG_ANALYZER_NUMBER_OBJECT_CONVERSION = YES_AGGRESSIVE;
				CLANG_CXX_LANGUAGE_STANDARD = "gnu++20";
				CLANG_ENABLE_MODULES = YES;
				CLANG_ENABLE_OBJC_ARC = YES;
				CLANG_ENABLE_OBJC_WEAK = YES;
				CLANG_WARN_BLOCK_CAPTURE_AUTORELEASING = YES;
				CLANG_WARN_BOOL_CONVERSION = YES;
				CLANG_WARN_COMMA = YES;
				CLANG_WARN_CONSTANT_CONVERSION = YES;
				CLANG_WARN_DEPRECATED_OBJC_IMPLEMENTATIONS = YES;
				CLANG_WARN_DIRECT_OBJC_ISA_USAGE = YES_ERROR;
				CLANG_WARN_DOCUMENTATION_COMMENTS = YES;
				CLANG_WARN_EMPTY_BODY = YES;
				CLANG_WARN_ENUM_CONVERSION = YES;
				CLANG_WARN_INFINITE_RECURSION = YES;
				CLANG_WARN_INT_CONVERSION = YES;
				CLANG_WARN_NON_LITERAL_NULL_CONVERSION = YES;
				CLANG_WARN_OBJC_IMPLICIT_RETAIN_SELF = YES;
				CLANG_WARN_OBJC_LITERAL_CONVERSION = YES;
				CLANG_WARN_OBJC_ROOT_CLASS = YES_ERROR;
				CLANG_WARN_QUOTED_INCLUDE_IN_FRAMEWORK_HEADER = YES;
				CLANG_WARN_RANGE_LOOP_ANALYSIS = YES;
				CLANG_WARN_STRICT_PROTOTYPES = YES;
				CLANG_WARN_SUSPICIOUS_MOVE = YES;
				CLANG_WARN_UNGUARDED_AVAILABILITY = YES_AGGRESSIVE;
				CLANG_WARN_UNREACHABLE_CODE = YES;
				CLANG_WARN__DUPLICATE_METHOD_MATCH = YES;
				COPY_PHASE_STRIP = NO;
				DEBUG_INFORMATION_FORMAT = "dwarf-with-dsym";
				ENABLE_NS_ASSERTIONS = NO;
				ENABLE_STRICT_OBJC_MSGSEND = YES;
				ENABLE_USER_SCRIPT_SANDBOXING = YES;
				GCC_C_LANGUAGE_STANDARD = gnu17;
				GCC_NO_COMMON_BLOCKS = YES;
				GCC_WARN_64_TO_32_BIT_CONVERSION = YES;
				GCC_WARN_ABOUT_RETURN_TYPE = YES_ERROR;
				GCC_WARN_UNDECLARED_SELECTOR = YES;
				GCC_WARN_UNINITIALIZED_AUTOS = YES_AGGRESSIVE;
				GCC_WARN_UNUSED_FUNCTION = YES;
				GCC_WARN_UNUSED_VARIABLE = YES;
				LOCALIZATION_PREFERS_STRING_CATALOGS = YES;
				MACOSX_DEPLOYMENT_TARGET = 12.0;
				MTL_ENABLE_DEBUG_INFO = NO;
				MTL_FAST_MATH = YES;
				SDKROOT = macosx;
				SWIFT_COMPILATION_MODE = wholemodule;
			};
			name = Release;
		};
		A1111116275B4A8700000001 /* Debug */ = {
			isa = XCBuildConfiguration;
			buildSettings = {
				ARCHS = "$(ARCHS_STANDARD)";
				CODE_SIGN_IDENTITY = "-";
				CODE_SIGN_STYLE = Manual;
				COMBINE_HIDPI_IMAGES = YES;
				CURRENT_PROJECT_VERSION = 1;
				FRAMEWORK_SEARCH_PATHS = (
					"$(inherited)",
					/Applications/Motion.app/Contents/Frameworks,
				);
				GENERATE_INFOPLIST_FILE = NO;
				INFOPLIST_FILE = "Moplug-Send-Motion.fxplug/Contents/Info.plist";
				INFOPLIST_KEY_CFBundleDisplayName = "Moplug Send Motion";
				INFOPLIST_KEY_NSHumanReadableCopyright = "";
				INSTALL_PATH = "/Library/Application Support/Final Cut Pro/Plug-ins";
				LD_RUNPATH_SEARCH_PATHS = (
					"$(inherited)",
					"@executable_path/../Frameworks",
					"@loader_path/../Frameworks",
					/Applications/Motion.app/Contents/Frameworks,
				);
				MACH_O_TYPE = mh_execute;
				MARKETING_VERSION = 1.0;
				PRODUCT_BUNDLE_IDENTIFIER = com.moplug.sendmotion;
				PRODUCT_NAME = "$(TARGET_NAME)";
				SKIP_INSTALL = NO;
				SWIFT_EMIT_LOC_STRINGS = YES;
				SWIFT_VERSION = 5.0;
				WRAPPER_EXTENSION = app;
			};
			name = Debug;
		};
		A1111117275B4A8700000001 /* Release */ = {
			isa = XCBuildConfiguration;
			buildSettings = {
				ARCHS = "$(ARCHS_STANDARD)";
				CODE_SIGN_IDENTITY = "-";
				CODE_SIGN_STYLE = Manual;
				COMBINE_HIDPI_IMAGES = YES;
				CURRENT_PROJECT_VERSION = 1;
				FRAMEWORK_SEARCH_PATHS = (
					"$(inherited)",
					/Applications/Motion.app/Contents/Frameworks,
				);
				GENERATE_INFOPLIST_FILE = NO;
				INFOPLIST_FILE = "Moplug-Send-Motion.fxplug/Contents/Info.plist";
				INFOPLIST_KEY_CFBundleDisplayName = "Moplug Send Motion";
				INFOPLIST_KEY_NSHumanReadableCopyright = "";
				INSTALL_PATH = "/Library/Application Support/Final Cut Pro/Plug-ins";
				LD_RUNPATH_SEARCH_PATHS = (
					"$(inherited)",
					"@executable_path/../Frameworks",
					"@loader_path/../Frameworks",
					/Applications/Motion.app/Contents/Frameworks,
				);
				MACH_O_TYPE = mh_execute;
				MARKETING_VERSION = 1.0;
				PRODUCT_BUNDLE_IDENTIFIER = com.moplug.sendmotion;
				PRODUCT_NAME = "$(TARGET_NAME)";
				SKIP_INSTALL = NO;
				SWIFT_EMIT_LOC_STRINGS = YES;
				SWIFT_VERSION = 5.0;
				WRAPPER_EXTENSION = app;
			};
			name = Release;
		};
/* End XCBuildConfiguration section */

/* Begin XCConfigurationList section */
		A1111118275B4A8700000001 /* Build configuration list for PBXNativeTarget "Moplug-Send-Motion" */ = {
			isa = XCConfigurationList;
			buildConfigurations = (
				A1111116275B4A8700000001 /* Debug */,
				A1111117275B4A8700000001 /* Release */,
			);
			defaultConfigurationIsVisible = 0;
			defaultConfigurationName = Release;
		};
		A1111119275B4A8700000001 /* Build configuration list for PBXProject "Moplug-Send-Motion" */ = {
			isa = XCConfigurationList;
			buildConfigurations = (
				A1111114275B4A8700000001 /* Debug */,
				A1111115275B4A8700000001 /* Release */,
			);
			defaultConfigurationIsVisible = 0;
			defaultConfigurationName = Release;
		};
/* End XCConfigurationList section */
	};
	rootObject = A1111117275B4A8700000000 /* Project object */;
}
